
Microsoft Visual Studio Solution File, Format Version 12.00
# Visual Studio Version 16
VisualStudioVersion = 16.0.31410.357
MinimumVisualStudioVersion = 10.0.40219.1
Project("{9A19103F-16F7-4668-BE54-9A1E7A4F7556}") = "LuxoftTest", "LuxoftTest\LuxoftTest.csproj", "{91D63BA2-902D-414A-A28B-08D8E8A9D728}"
EndProject
Global
	GlobalSection(SolutionConfigurationPlatforms) = preSolution
		Debug|Any CPU = Debug|Any CPU
		Release|Any CPU = Release|Any CPU
	EndGlobalSection
	GlobalSection(ProjectConfigurationPlatforms) = postSolution
		{91D63BA2-902D-414A-A28B-08D8E8A9D728}.Debug|Any CPU.ActiveCfg = Debug|Any CPU
		{91D63BA2-902D-414A-A28B-08D8E8A9D728}.Debug|Any CPU.Build.0 = Debug|Any CPU
		{91D63BA2-902D-414A-A28B-08D8E8A9D728}.Release|Any CPU.ActiveCfg = Release|Any CPU
		{91D63BA2-902D-414A-A28B-08D8E8A9D728}.Release|Any CPU.Build.0 = Release|Any CPU
	EndGlobalSection
	GlobalSection(SolutionProperties) = preSolution
		HideSolutionNode = FALSE
	EndGlobalSection
	GlobalSection(ExtensibilityGlobals) = postSolution
		SolutionGuid = {16C0BC9C-4319-40FA-AF80-24DAA3A59234}
	EndGlobalSection
EndGlobal
